{
  "version": 4,
  "terraform_version": "1.10.0",
  "serial": 5,
  "lineage": "86461ecc-d342-c8e9-9346-4ceefa5bae44",
  "outputs": {
    "container_credentials": {
      "value": {
        "root_password": "rootpassword123"
      },
      "type": [
        "object",
        {
          "root_password": "string"
        }
      ]
    },
    "container_hostname": {
      "value": "ubuntu-24",
      "type": "string"
    },
    "container_id": {
      "value": 1312,
      "type": "number"
    },
    "container_ip": {
      "value": "dhcp",
      "type": "string"
    }
  },
  "resources": [
    {
      "mode": "managed",
      "type": "proxmox_lxc",
      "name": "ubuntu_container",
      "provider": "provider[\"registry.terraform.io/telmate/proxmox\"]",
      "instances": [
        {
          "schema_version": 0,
          "attributes": {
            "arch": "amd64",
            "bwlimit": 0,
            "clone": null,
            "clone_storage": null,
            "cmode": "tty",
            "console": true,
            "cores": 4,
            "cpulimit": 0,
            "cpuunits": 1024,
            "description": "root\nrootpassword123\n",
            "features": [],
            "force": false,
            "full": null,
            "hagroup": "",
            "hastate": "",
            "hookscript": "",
            "hostname": "ubuntu-24",
            "id": "sun/lxc/1312",
            "ignore_unpack_errors": false,
            "lock": "",
            "memory": 2048,
            "mountpoint": [],
            "nameserver": "",
            "network": [
              {
                "bridge": "vmbr0",
                "firewall": false,
                "gw": "",
                "gw6": "",
                "hwaddr": "BC:24:11:F7:67:C5",
                "ip": "dhcp",
                "ip6": "",
                "mtu": "",
                "name": "eth0",
                "rate": 0,
                "tag": 0,
                "trunks": "",
                "type": "veth"
              }
            ],
            "onboot": true,
            "ostemplate": "local:vztmpl/ubuntu-24.04-standard_24.04-2_amd64.tar.zst",
            "ostype": "ubuntu",
            "password": "rootpassword123",
            "pool": null,
            "protection": false,
            "restore": false,
            "rootfs": [
              {
                "size": "10G",
                "storage": "local-lvm",
                "volume": "local-lvm:vm-1312-disk-0"
              }
            ],
            "searchdomain": "",
            "ssh_public_keys": null,
            "start": true,
            "startup": "",
            "swap": 1024,
            "tags": "",
            "target_node": "sun",
            "template": false,
            "timeouts": null,
            "tty": 2,
            "unique": false,
            "unprivileged": true,
            "unused": [],
            "vmid": 1312
          },
          "sensitive_attributes": [
            [
              {
                "type": "get_attr",
                "value": "password"
              }
            ]
          ],
          "private": "eyJlMmJmYjczMC1lY2FhLTExZTYtOGY4OC0zNDM2M2JjN2M0YzAiOnsiY3JlYXRlIjozMDAwMDAwMDAwMDAsImRlZmF1bHQiOjMwMDAwMDAwMDAwMCwiZGVsZXRlIjoxODAwMDAwMDAwMDAsInJlYWQiOjE4MDAwMDAwMDAwMCwidXBkYXRlIjoxODAwMDAwMDAwMDB9fQ=="
        }
      ]
    }
  ],
  "check_results": null
}
